
Microsoft Visual Studio Solution File, Format Version 12.00
# Visual Studio Version 17
VisualStudioVersion = 17.3.32929.385
MinimumVisualStudioVersion = 10.0.40219.1
Project("{8BC9CEB8-8B4A-11D0-8D11-00A0C91BC942}") = "AdvantechAdvanced", "AdvantechAdvanced\AdvantechAdvanced.vcxproj", "{AE72D28B-2DCC-4472-9818-0EB5AEE08855}"
EndProject
Project("{8BC9CEB8-8B4A-11D0-8D11-00A0C91BC942}") = "Algorithms", "Algorithms\Algorithms.vcxproj", "{0F9366E9-A00E-48B3-BA18-35F974B3CC9E}"
EndProject
Project("{8BC9CEB8-8B4A-11D0-8D11-00A0C91BC942}") = "ListAndVector", "ListAndVector\ListAndVector.vcxproj", "{6630D3AA-24F7-4CF5-9FE5-A57262FCD4D4}"
EndProject
Project("{8BC9CEB8-8B4A-11D0-8D11-00A0C91BC942}") = "AbstractClassesDemo", "AbstractClassesDemo\AbstractClassesDemo.vcxproj", "{FB33206E-0389-4BCF-9CAD-825C414B47B1}"
EndProject
Project("{8BC9CEB8-8B4A-11D0-8D11-00A0C91BC942}") = "Compliance", "Compliance\Compliance.vcxproj", "{67903FBA-20BB-4B56-ABBA-D7C7715D5E33}"
EndProject
Project("{8BC9CEB8-8B4A-11D0-8D11-00A0C91BC942}") = "Concepts", "Concepts\Concepts.vcxproj", "{2FA113C0-C546-425C-9D9D-01389E849AFC}"
EndProject
Project("{8BC9CEB8-8B4A-11D0-8D11-00A0C91BC942}") = "Coroutines", "Coroutines\Coroutines.vcxproj", "{76445A8C-4554-4C36-9198-4524435A2A9B}"
EndProject
Project("{8BC9CEB8-8B4A-11D0-8D11-00A0C91BC942}") = "Format", "Format\Format.vcxproj", "{D0374A4C-9482-445F-BE16-EF0832C3E878}"
EndProject
Project("{8BC9CEB8-8B4A-11D0-8D11-00A0C91BC942}") = "Headers", "Headers\Headers.vcxproj", "{B1473AEE-C638-4002-83FC-F31FCD7AF17C}"
EndProject
Project("{8BC9CEB8-8B4A-11D0-8D11-00A0C91BC942}") = "Chrono", "Chrono\Chrono.vcxproj", "{53D3F023-C5A1-4265-BE2D-219C03FB4F4A}"
EndProject
Project("{8BC9CEB8-8B4A-11D0-8D11-00A0C91BC942}") = "Modules", "Modules\Modules.vcxproj", "{85E7A624-5F51-42CB-AEB9-E598DC094053}"
EndProject
Project("{8BC9CEB8-8B4A-11D0-8D11-00A0C91BC942}") = "Ranges", "Ranges\Ranges.vcxproj", "{8B67BBCE-51BF-43B7-ACA6-5DB3467D9594}"
EndProject
Project("{8BC9CEB8-8B4A-11D0-8D11-00A0C91BC942}") = "Spaceship", "Spaceship\Spaceship.vcxproj", "{A355C81C-AB98-43D1-AF4F-082BE7BB67E1}"
EndProject
Project("{8BC9CEB8-8B4A-11D0-8D11-00A0C91BC942}") = "Eaton", "Eaton\Eaton.vcxproj", "{8177FF28-06EF-458D-9575-923A7C219C37}"
EndProject
Project("{8BC9CEB8-8B4A-11D0-8D11-00A0C91BC942}") = "Namespaces", "Namespaces\Namespaces.vcxproj", "{50E0119E-BFE0-411B-8D0B-BC4EF2AAEEE0}"
EndProject
Project("{8BC9CEB8-8B4A-11D0-8D11-00A0C91BC942}") = "Exercies", "Exercies\Exercies.vcxproj", "{24E9650F-0642-4F9D-9C66-04BC06C8ED12}"
EndProject
Project("{8BC9CEB8-8B4A-11D0-8D11-00A0C91BC942}") = "Constructors", "Constructors\Constructors.vcxproj", "{0608A741-4E60-40C6-B3FB-1ED2F8958063}"
EndProject
Project("{8BC9CEB8-8B4A-11D0-8D11-00A0C91BC942}") = "PriorityQueue", "PriorityQueue\PriorityQueue.vcxproj", "{978FB7E7-5F32-4638-BEF7-0BC8850F6882}"
EndProject
Project("{2150E333-8FDC-42A3-9474-1A3956D46DE8}") = "Basic Concepts", "Basic Concepts", "{81464123-62E7-4EE7-AF3E-38810FFF6DE5}"
EndProject
Project("{8BC9CEB8-8B4A-11D0-8D11-00A0C91BC942}") = "Hello World", "Basic Concepts\Hello World\Hello World.vcxproj", "{A6528883-CB88-4E21-9845-0FB4BB6BD390}"
EndProject
Project("{2150E333-8FDC-42A3-9474-1A3956D46DE8}") = "Excercies", "Excercies", "{8833DAB5-035E-4DAE-8B45-2D9721C9120E}"
EndProject
Project("{8BC9CEB8-8B4A-11D0-8D11-00A0C91BC942}") = "File Permision", "Basic Concepts\Excercies\File Permision\File Permision.vcxproj", "{5D8B061F-05DB-48F5-95EE-D1306CD1B988}"
EndProject
Project("{8BC9CEB8-8B4A-11D0-8D11-00A0C91BC942}") = "Numbers", "Basic Concepts\Numbers\Numbers.vcxproj", "{AD4E053C-516A-43F7-9897-92537B528B63}"
EndProject
Project("{8BC9CEB8-8B4A-11D0-8D11-00A0C91BC942}") = "Strings", "Basic Concepts\Strings\Strings.vcxproj", "{165EB9E9-EAF3-4E98-ACCB-6AB23B4A7F0B}"
EndProject
Project("{8BC9CEB8-8B4A-11D0-8D11-00A0C91BC942}") = "Qualifiers", "Basic Concepts\Qualifiers\Qualifiers.vcxproj", "{D93FD551-7DED-44BD-B327-CE6CEBC03C8E}"
EndProject
Project("{8BC9CEB8-8B4A-11D0-8D11-00A0C91BC942}") = "Struct, union, bit field, enum", "Basic Concepts\Struct, union, bit field, enum\Struct, union, bit field, enum.vcxproj", "{A9ECF402-C164-4141-8D53-CD63F41755B9}"
EndProject
Project("{8BC9CEB8-8B4A-11D0-8D11-00A0C91BC942}") = "Typedef void auto", "Basic Concepts\Typedef void auto\Typedef void auto.vcxproj", "{6E1DE332-5488-4254-9348-ED5BDE2B13DE}"
EndProject
Project("{8BC9CEB8-8B4A-11D0-8D11-00A0C91BC942}") = "Output formatting", "Basic Concepts\Excercies\Output formatting\Output formatting.vcxproj", "{8B22FD86-1C13-465B-AAFD-445217DC4521}"
EndProject
Project("{8BC9CEB8-8B4A-11D0-8D11-00A0C91BC942}") = "Conditionals", "Basic Concepts\Conditionals\Conditionals.vcxproj", "{0CBC6372-08D5-4E83-A852-08ABB9FBED78}"
EndProject
Project("{8BC9CEB8-8B4A-11D0-8D11-00A0C91BC942}") = "Loops", "Basic Concepts\Loops\Loops.vcxproj", "{FC99817A-4C6F-4321-B730-A357EB1A6D80}"
EndProject
Project("{8BC9CEB8-8B4A-11D0-8D11-00A0C91BC942}") = "Reading input args", "Basic Concepts\Excercies\Reading input args\Reading input args.vcxproj", "{8847AFF7-EB76-4363-841A-B91105327CFD}"
EndProject
Project("{8BC9CEB8-8B4A-11D0-8D11-00A0C91BC942}") = "Terminal IO", "Basic Concepts\Terminal IO\Terminal IO.vcxproj", "{A0FB15F8-0BFC-4043-BC3A-B0C1E847A9E3}"
EndProject
Project("{8BC9CEB8-8B4A-11D0-8D11-00A0C91BC942}") = "Flow control", "Basic Concepts\Flow control\Flow control.vcxproj", "{5CF8707E-449D-4985-9BAB-35F4534433E4}"
EndProject
Project("{8BC9CEB8-8B4A-11D0-8D11-00A0C91BC942}") = "Operators", "Basic Concepts\Operators\Operators.vcxproj", "{22B67876-09B0-4388-AA1A-6B4CC4A07A29}"
EndProject
Project("{8BC9CEB8-8B4A-11D0-8D11-00A0C91BC942}") = "Pointers", "Basic Concepts\Pointers\Pointers.vcxproj", "{9C887B27-371B-4A3F-B741-A69C97691F94}"
EndProject
Project("{8BC9CEB8-8B4A-11D0-8D11-00A0C91BC942}") = "References", "Basic Concepts\References\References.vcxproj", "{1B2F1146-3033-4ABA-A7AC-54A1C04E43DC}"
EndProject
Project("{8BC9CEB8-8B4A-11D0-8D11-00A0C91BC942}") = "Arrays", "Basic Concepts\Arrays\Arrays.vcxproj", "{719810B3-A83A-4D5C-B9B9-17A61E5443EF}"
EndProject
Global
	GlobalSection(SolutionConfigurationPlatforms) = preSolution
		Debug|x64 = Debug|x64
		Debug|x86 = Debug|x86
		Release|x64 = Release|x64
		Release|x86 = Release|x86
	EndGlobalSection
	GlobalSection(ProjectConfigurationPlatforms) = postSolution
		{AE72D28B-2DCC-4472-9818-0EB5AEE08855}.Debug|x64.ActiveCfg = Debug|x64
		{AE72D28B-2DCC-4472-9818-0EB5AEE08855}.Debug|x64.Build.0 = Debug|x64
		{AE72D28B-2DCC-4472-9818-0EB5AEE08855}.Debug|x86.ActiveCfg = Debug|Win32
		{AE72D28B-2DCC-4472-9818-0EB5AEE08855}.Debug|x86.Build.0 = Debug|Win32
		{AE72D28B-2DCC-4472-9818-0EB5AEE08855}.Release|x64.ActiveCfg = Release|x64
		{AE72D28B-2DCC-4472-9818-0EB5AEE08855}.Release|x64.Build.0 = Release|x64
		{AE72D28B-2DCC-4472-9818-0EB5AEE08855}.Release|x86.ActiveCfg = Release|Win32
		{AE72D28B-2DCC-4472-9818-0EB5AEE08855}.Release|x86.Build.0 = Release|Win32
		{0F9366E9-A00E-48B3-BA18-35F974B3CC9E}.Debug|x64.ActiveCfg = Debug|x64
		{0F9366E9-A00E-48B3-BA18-35F974B3CC9E}.Debug|x64.Build.0 = Debug|x64
		{0F9366E9-A00E-48B3-BA18-35F974B3CC9E}.Debug|x86.ActiveCfg = Debug|Win32
		{0F9366E9-A00E-48B3-BA18-35F974B3CC9E}.Debug|x86.Build.0 = Debug|Win32
		{0F9366E9-A00E-48B3-BA18-35F974B3CC9E}.Release|x64.ActiveCfg = Release|x64
		{0F9366E9-A00E-48B3-BA18-35F974B3CC9E}.Release|x64.Build.0 = Release|x64
		{0F9366E9-A00E-48B3-BA18-35F974B3CC9E}.Release|x86.ActiveCfg = Release|Win32
		{0F9366E9-A00E-48B3-BA18-35F974B3CC9E}.Release|x86.Build.0 = Release|Win32
		{6630D3AA-24F7-4CF5-9FE5-A57262FCD4D4}.Debug|x64.ActiveCfg = Debug|x64
		{6630D3AA-24F7-4CF5-9FE5-A57262FCD4D4}.Debug|x64.Build.0 = Debug|x64
		{6630D3AA-24F7-4CF5-9FE5-A57262FCD4D4}.Debug|x86.ActiveCfg = Debug|Win32
		{6630D3AA-24F7-4CF5-9FE5-A57262FCD4D4}.Debug|x86.Build.0 = Debug|Win32
		{6630D3AA-24F7-4CF5-9FE5-A57262FCD4D4}.Release|x64.ActiveCfg = Release|x64
		{6630D3AA-24F7-4CF5-9FE5-A57262FCD4D4}.Release|x64.Build.0 = Release|x64
		{6630D3AA-24F7-4CF5-9FE5-A57262FCD4D4}.Release|x86.ActiveCfg = Release|Win32
		{6630D3AA-24F7-4CF5-9FE5-A57262FCD4D4}.Release|x86.Build.0 = Release|Win32
		{FB33206E-0389-4BCF-9CAD-825C414B47B1}.Debug|x64.ActiveCfg = Debug|x64
		{FB33206E-0389-4BCF-9CAD-825C414B47B1}.Debug|x64.Build.0 = Debug|x64
		{FB33206E-0389-4BCF-9CAD-825C414B47B1}.Debug|x86.ActiveCfg = Debug|Win32
		{FB33206E-0389-4BCF-9CAD-825C414B47B1}.Debug|x86.Build.0 = Debug|Win32
		{FB33206E-0389-4BCF-9CAD-825C414B47B1}.Release|x64.ActiveCfg = Release|x64
		{FB33206E-0389-4BCF-9CAD-825C414B47B1}.Release|x64.Build.0 = Release|x64
		{FB33206E-0389-4BCF-9CAD-825C414B47B1}.Release|x86.ActiveCfg = Release|Win32
		{FB33206E-0389-4BCF-9CAD-825C414B47B1}.Release|x86.Build.0 = Release|Win32
		{67903FBA-20BB-4B56-ABBA-D7C7715D5E33}.Debug|x64.ActiveCfg = Debug|x64
		{67903FBA-20BB-4B56-ABBA-D7C7715D5E33}.Debug|x64.Build.0 = Debug|x64
		{67903FBA-20BB-4B56-ABBA-D7C7715D5E33}.Debug|x86.ActiveCfg = Debug|Win32
		{67903FBA-20BB-4B56-ABBA-D7C7715D5E33}.Debug|x86.Build.0 = Debug|Win32
		{67903FBA-20BB-4B56-ABBA-D7C7715D5E33}.Release|x64.ActiveCfg = Release|x64
		{67903FBA-20BB-4B56-ABBA-D7C7715D5E33}.Release|x64.Build.0 = Release|x64
		{67903FBA-20BB-4B56-ABBA-D7C7715D5E33}.Release|x86.ActiveCfg = Release|Win32
		{67903FBA-20BB-4B56-ABBA-D7C7715D5E33}.Release|x86.Build.0 = Release|Win32
		{2FA113C0-C546-425C-9D9D-01389E849AFC}.Debug|x64.ActiveCfg = Debug|x64
		{2FA113C0-C546-425C-9D9D-01389E849AFC}.Debug|x64.Build.0 = Debug|x64
		{2FA113C0-C546-425C-9D9D-01389E849AFC}.Debug|x86.ActiveCfg = Debug|Win32
		{2FA113C0-C546-425C-9D9D-01389E849AFC}.Debug|x86.Build.0 = Debug|Win32
		{2FA113C0-C546-425C-9D9D-01389E849AFC}.Release|x64.ActiveCfg = Release|x64
		{2FA113C0-C546-425C-9D9D-01389E849AFC}.Release|x64.Build.0 = Release|x64
		{2FA113C0-C546-425C-9D9D-01389E849AFC}.Release|x86.ActiveCfg = Release|Win32
		{2FA113C0-C546-425C-9D9D-01389E849AFC}.Release|x86.Build.0 = Release|Win32
		{76445A8C-4554-4C36-9198-4524435A2A9B}.Debug|x64.ActiveCfg = Debug|x64
		{76445A8C-4554-4C36-9198-4524435A2A9B}.Debug|x64.Build.0 = Debug|x64
		{76445A8C-4554-4C36-9198-4524435A2A9B}.Debug|x86.ActiveCfg = Debug|Win32
		{76445A8C-4554-4C36-9198-4524435A2A9B}.Debug|x86.Build.0 = Debug|Win32
		{76445A8C-4554-4C36-9198-4524435A2A9B}.Release|x64.ActiveCfg = Release|x64
		{76445A8C-4554-4C36-9198-4524435A2A9B}.Release|x64.Build.0 = Release|x64
		{76445A8C-4554-4C36-9198-4524435A2A9B}.Release|x86.ActiveCfg = Release|Win32
		{76445A8C-4554-4C36-9198-4524435A2A9B}.Release|x86.Build.0 = Release|Win32
		{D0374A4C-9482-445F-BE16-EF0832C3E878}.Debug|x64.ActiveCfg = Debug|x64
		{D0374A4C-9482-445F-BE16-EF0832C3E878}.Debug|x64.Build.0 = Debug|x64
		{D0374A4C-9482-445F-BE16-EF0832C3E878}.Debug|x86.ActiveCfg = Debug|Win32
		{D0374A4C-9482-445F-BE16-EF0832C3E878}.Debug|x86.Build.0 = Debug|Win32
		{D0374A4C-9482-445F-BE16-EF0832C3E878}.Release|x64.ActiveCfg = Release|x64
		{D0374A4C-9482-445F-BE16-EF0832C3E878}.Release|x64.Build.0 = Release|x64
		{D0374A4C-9482-445F-BE16-EF0832C3E878}.Release|x86.ActiveCfg = Release|Win32
		{D0374A4C-9482-445F-BE16-EF0832C3E878}.Release|x86.Build.0 = Release|Win32
		{B1473AEE-C638-4002-83FC-F31FCD7AF17C}.Debug|x64.ActiveCfg = Debug|x64
		{B1473AEE-C638-4002-83FC-F31FCD7AF17C}.Debug|x64.Build.0 = Debug|x64
		{B1473AEE-C638-4002-83FC-F31FCD7AF17C}.Debug|x86.ActiveCfg = Debug|Win32
		{B1473AEE-C638-4002-83FC-F31FCD7AF17C}.Debug|x86.Build.0 = Debug|Win32
		{B1473AEE-C638-4002-83FC-F31FCD7AF17C}.Release|x64.ActiveCfg = Release|x64
		{B1473AEE-C638-4002-83FC-F31FCD7AF17C}.Release|x64.Build.0 = Release|x64
		{B1473AEE-C638-4002-83FC-F31FCD7AF17C}.Release|x86.ActiveCfg = Release|Win32
		{B1473AEE-C638-4002-83FC-F31FCD7AF17C}.Release|x86.Build.0 = Release|Win32
		{53D3F023-C5A1-4265-BE2D-219C03FB4F4A}.Debug|x64.ActiveCfg = Debug|x64
		{53D3F023-C5A1-4265-BE2D-219C03FB4F4A}.Debug|x64.Build.0 = Debug|x64
		{53D3F023-C5A1-4265-BE2D-219C03FB4F4A}.Debug|x86.ActiveCfg = Debug|Win32
		{53D3F023-C5A1-4265-BE2D-219C03FB4F4A}.Debug|x86.Build.0 = Debug|Win32
		{53D3F023-C5A1-4265-BE2D-219C03FB4F4A}.Release|x64.ActiveCfg = Release|x64
		{53D3F023-C5A1-4265-BE2D-219C03FB4F4A}.Release|x64.Build.0 = Release|x64
		{53D3F023-C5A1-4265-BE2D-219C03FB4F4A}.Release|x86.ActiveCfg = Release|Win32
		{53D3F023-C5A1-4265-BE2D-219C03FB4F4A}.Release|x86.Build.0 = Release|Win32
		{85E7A624-5F51-42CB-AEB9-E598DC094053}.Debug|x64.ActiveCfg = Debug|x64
		{85E7A624-5F51-42CB-AEB9-E598DC094053}.Debug|x64.Build.0 = Debug|x64
		{85E7A624-5F51-42CB-AEB9-E598DC094053}.Debug|x86.ActiveCfg = Debug|Win32
		{85E7A624-5F51-42CB-AEB9-E598DC094053}.Debug|x86.Build.0 = Debug|Win32
		{85E7A624-5F51-42CB-AEB9-E598DC094053}.Release|x64.ActiveCfg = Release|x64
		{85E7A624-5F51-42CB-AEB9-E598DC094053}.Release|x64.Build.0 = Release|x64
		{85E7A624-5F51-42CB-AEB9-E598DC094053}.Release|x86.ActiveCfg = Release|Win32
		{85E7A624-5F51-42CB-AEB9-E598DC094053}.Release|x86.Build.0 = Release|Win32
		{8B67BBCE-51BF-43B7-ACA6-5DB3467D9594}.Debug|x64.ActiveCfg = Debug|x64
		{8B67BBCE-51BF-43B7-ACA6-5DB3467D9594}.Debug|x64.Build.0 = Debug|x64
		{8B67BBCE-51BF-43B7-ACA6-5DB3467D9594}.Debug|x86.ActiveCfg = Debug|Win32
		{8B67BBCE-51BF-43B7-ACA6-5DB3467D9594}.Debug|x86.Build.0 = Debug|Win32
		{8B67BBCE-51BF-43B7-ACA6-5DB3467D9594}.Release|x64.ActiveCfg = Release|x64
		{8B67BBCE-51BF-43B7-ACA6-5DB3467D9594}.Release|x64.Build.0 = Release|x64
		{8B67BBCE-51BF-43B7-ACA6-5DB3467D9594}.Release|x86.ActiveCfg = Release|Win32
		{8B67BBCE-51BF-43B7-ACA6-5DB3467D9594}.Release|x86.Build.0 = Release|Win32
		{A355C81C-AB98-43D1-AF4F-082BE7BB67E1}.Debug|x64.ActiveCfg = Debug|x64
		{A355C81C-AB98-43D1-AF4F-082BE7BB67E1}.Debug|x64.Build.0 = Debug|x64
		{A355C81C-AB98-43D1-AF4F-082BE7BB67E1}.Debug|x86.ActiveCfg = Debug|Win32
		{A355C81C-AB98-43D1-AF4F-082BE7BB67E1}.Debug|x86.Build.0 = Debug|Win32
		{A355C81C-AB98-43D1-AF4F-082BE7BB67E1}.Release|x64.ActiveCfg = Release|x64
		{A355C81C-AB98-43D1-AF4F-082BE7BB67E1}.Release|x64.Build.0 = Release|x64
		{A355C81C-AB98-43D1-AF4F-082BE7BB67E1}.Release|x86.ActiveCfg = Release|Win32
		{A355C81C-AB98-43D1-AF4F-082BE7BB67E1}.Release|x86.Build.0 = Release|Win32
		{8177FF28-06EF-458D-9575-923A7C219C37}.Debug|x64.ActiveCfg = Debug|x64
		{8177FF28-06EF-458D-9575-923A7C219C37}.Debug|x64.Build.0 = Debug|x64
		{8177FF28-06EF-458D-9575-923A7C219C37}.Debug|x86.ActiveCfg = Debug|Win32
		{8177FF28-06EF-458D-9575-923A7C219C37}.Debug|x86.Build.0 = Debug|Win32
		{8177FF28-06EF-458D-9575-923A7C219C37}.Release|x64.ActiveCfg = Release|x64
		{8177FF28-06EF-458D-9575-923A7C219C37}.Release|x64.Build.0 = Release|x64
		{8177FF28-06EF-458D-9575-923A7C219C37}.Release|x86.ActiveCfg = Release|Win32
		{8177FF28-06EF-458D-9575-923A7C219C37}.Release|x86.Build.0 = Release|Win32
		{50E0119E-BFE0-411B-8D0B-BC4EF2AAEEE0}.Debug|x64.ActiveCfg = Debug|x64
		{50E0119E-BFE0-411B-8D0B-BC4EF2AAEEE0}.Debug|x64.Build.0 = Debug|x64
		{50E0119E-BFE0-411B-8D0B-BC4EF2AAEEE0}.Debug|x86.ActiveCfg = Debug|Win32
		{50E0119E-BFE0-411B-8D0B-BC4EF2AAEEE0}.Debug|x86.Build.0 = Debug|Win32
		{50E0119E-BFE0-411B-8D0B-BC4EF2AAEEE0}.Release|x64.ActiveCfg = Release|x64
		{50E0119E-BFE0-411B-8D0B-BC4EF2AAEEE0}.Release|x64.Build.0 = Release|x64
		{50E0119E-BFE0-411B-8D0B-BC4EF2AAEEE0}.Release|x86.ActiveCfg = Release|Win32
		{50E0119E-BFE0-411B-8D0B-BC4EF2AAEEE0}.Release|x86.Build.0 = Release|Win32
		{24E9650F-0642-4F9D-9C66-04BC06C8ED12}.Debug|x64.ActiveCfg = Debug|x64
		{24E9650F-0642-4F9D-9C66-04BC06C8ED12}.Debug|x64.Build.0 = Debug|x64
		{24E9650F-0642-4F9D-9C66-04BC06C8ED12}.Debug|x86.ActiveCfg = Debug|Win32
		{24E9650F-0642-4F9D-9C66-04BC06C8ED12}.Debug|x86.Build.0 = Debug|Win32
		{24E9650F-0642-4F9D-9C66-04BC06C8ED12}.Release|x64.ActiveCfg = Release|x64
		{24E9650F-0642-4F9D-9C66-04BC06C8ED12}.Release|x64.Build.0 = Release|x64
		{24E9650F-0642-4F9D-9C66-04BC06C8ED12}.Release|x86.ActiveCfg = Release|Win32
		{24E9650F-0642-4F9D-9C66-04BC06C8ED12}.Release|x86.Build.0 = Release|Win32
		{0608A741-4E60-40C6-B3FB-1ED2F8958063}.Debug|x64.ActiveCfg = Debug|x64
		{0608A741-4E60-40C6-B3FB-1ED2F8958063}.Debug|x64.Build.0 = Debug|x64
		{0608A741-4E60-40C6-B3FB-1ED2F8958063}.Debug|x86.ActiveCfg = Debug|Win32
		{0608A741-4E60-40C6-B3FB-1ED2F8958063}.Debug|x86.Build.0 = Debug|Win32
		{0608A741-4E60-40C6-B3FB-1ED2F8958063}.Release|x64.ActiveCfg = Release|x64
		{0608A741-4E60-40C6-B3FB-1ED2F8958063}.Release|x64.Build.0 = Release|x64
		{0608A741-4E60-40C6-B3FB-1ED2F8958063}.Release|x86.ActiveCfg = Release|Win32
		{0608A741-4E60-40C6-B3FB-1ED2F8958063}.Release|x86.Build.0 = Release|Win32
		{978FB7E7-5F32-4638-BEF7-0BC8850F6882}.Debug|x64.ActiveCfg = Debug|x64
		{978FB7E7-5F32-4638-BEF7-0BC8850F6882}.Debug|x64.Build.0 = Debug|x64
		{978FB7E7-5F32-4638-BEF7-0BC8850F6882}.Debug|x86.ActiveCfg = Debug|Win32
		{978FB7E7-5F32-4638-BEF7-0BC8850F6882}.Debug|x86.Build.0 = Debug|Win32
		{978FB7E7-5F32-4638-BEF7-0BC8850F6882}.Release|x64.ActiveCfg = Release|x64
		{978FB7E7-5F32-4638-BEF7-0BC8850F6882}.Release|x64.Build.0 = Release|x64
		{978FB7E7-5F32-4638-BEF7-0BC8850F6882}.Release|x86.ActiveCfg = Release|Win32
		{978FB7E7-5F32-4638-BEF7-0BC8850F6882}.Release|x86.Build.0 = Release|Win32
		{A6528883-CB88-4E21-9845-0FB4BB6BD390}.Debug|x64.ActiveCfg = Debug|x64
		{A6528883-CB88-4E21-9845-0FB4BB6BD390}.Debug|x64.Build.0 = Debug|x64
		{A6528883-CB88-4E21-9845-0FB4BB6BD390}.Debug|x86.ActiveCfg = Debug|Win32
		{A6528883-CB88-4E21-9845-0FB4BB6BD390}.Debug|x86.Build.0 = Debug|Win32
		{A6528883-CB88-4E21-9845-0FB4BB6BD390}.Release|x64.ActiveCfg = Release|x64
		{A6528883-CB88-4E21-9845-0FB4BB6BD390}.Release|x64.Build.0 = Release|x64
		{A6528883-CB88-4E21-9845-0FB4BB6BD390}.Release|x86.ActiveCfg = Release|Win32
		{A6528883-CB88-4E21-9845-0FB4BB6BD390}.Release|x86.Build.0 = Release|Win32
		{5D8B061F-05DB-48F5-95EE-D1306CD1B988}.Debug|x64.ActiveCfg = Debug|x64
		{5D8B061F-05DB-48F5-95EE-D1306CD1B988}.Debug|x64.Build.0 = Debug|x64
		{5D8B061F-05DB-48F5-95EE-D1306CD1B988}.Debug|x86.ActiveCfg = Debug|Win32
		{5D8B061F-05DB-48F5-95EE-D1306CD1B988}.Debug|x86.Build.0 = Debug|Win32
		{5D8B061F-05DB-48F5-95EE-D1306CD1B988}.Release|x64.ActiveCfg = Release|x64
		{5D8B061F-05DB-48F5-95EE-D1306CD1B988}.Release|x64.Build.0 = Release|x64
		{5D8B061F-05DB-48F5-95EE-D1306CD1B988}.Release|x86.ActiveCfg = Release|Win32
		{5D8B061F-05DB-48F5-95EE-D1306CD1B988}.Release|x86.Build.0 = Release|Win32
		{AD4E053C-516A-43F7-9897-92537B528B63}.Debug|x64.ActiveCfg = Debug|x64
		{AD4E053C-516A-43F7-9897-92537B528B63}.Debug|x64.Build.0 = Debug|x64
		{AD4E053C-516A-43F7-9897-92537B528B63}.Debug|x86.ActiveCfg = Debug|Win32
		{AD4E053C-516A-43F7-9897-92537B528B63}.Debug|x86.Build.0 = Debug|Win32
		{AD4E053C-516A-43F7-9897-92537B528B63}.Release|x64.ActiveCfg = Release|x64
		{AD4E053C-516A-43F7-9897-92537B528B63}.Release|x64.Build.0 = Release|x64
		{AD4E053C-516A-43F7-9897-92537B528B63}.Release|x86.ActiveCfg = Release|Win32
		{AD4E053C-516A-43F7-9897-92537B528B63}.Release|x86.Build.0 = Release|Win32
		{165EB9E9-EAF3-4E98-ACCB-6AB23B4A7F0B}.Debug|x64.ActiveCfg = Debug|x64
		{165EB9E9-EAF3-4E98-ACCB-6AB23B4A7F0B}.Debug|x64.Build.0 = Debug|x64
		{165EB9E9-EAF3-4E98-ACCB-6AB23B4A7F0B}.Debug|x86.ActiveCfg = Debug|Win32
		{165EB9E9-EAF3-4E98-ACCB-6AB23B4A7F0B}.Debug|x86.Build.0 = Debug|Win32
		{165EB9E9-EAF3-4E98-ACCB-6AB23B4A7F0B}.Release|x64.ActiveCfg = Release|x64
		{165EB9E9-EAF3-4E98-ACCB-6AB23B4A7F0B}.Release|x64.Build.0 = Release|x64
		{165EB9E9-EAF3-4E98-ACCB-6AB23B4A7F0B}.Release|x86.ActiveCfg = Release|Win32
		{165EB9E9-EAF3-4E98-ACCB-6AB23B4A7F0B}.Release|x86.Build.0 = Release|Win32
		{D93FD551-7DED-44BD-B327-CE6CEBC03C8E}.Debug|x64.ActiveCfg = Debug|x64
		{D93FD551-7DED-44BD-B327-CE6CEBC03C8E}.Debug|x64.Build.0 = Debug|x64
		{D93FD551-7DED-44BD-B327-CE6CEBC03C8E}.Debug|x86.ActiveCfg = Debug|Win32
		{D93FD551-7DED-44BD-B327-CE6CEBC03C8E}.Debug|x86.Build.0 = Debug|Win32
		{D93FD551-7DED-44BD-B327-CE6CEBC03C8E}.Release|x64.ActiveCfg = Release|x64
		{D93FD551-7DED-44BD-B327-CE6CEBC03C8E}.Release|x64.Build.0 = Release|x64
		{D93FD551-7DED-44BD-B327-CE6CEBC03C8E}.Release|x86.ActiveCfg = Release|Win32
		{D93FD551-7DED-44BD-B327-CE6CEBC03C8E}.Release|x86.Build.0 = Release|Win32
		{A9ECF402-C164-4141-8D53-CD63F41755B9}.Debug|x64.ActiveCfg = Debug|x64
		{A9ECF402-C164-4141-8D53-CD63F41755B9}.Debug|x64.Build.0 = Debug|x64
		{A9ECF402-C164-4141-8D53-CD63F41755B9}.Debug|x86.ActiveCfg = Debug|Win32
		{A9ECF402-C164-4141-8D53-CD63F41755B9}.Debug|x86.Build.0 = Debug|Win32
		{A9ECF402-C164-4141-8D53-CD63F41755B9}.Release|x64.ActiveCfg = Release|x64
		{A9ECF402-C164-4141-8D53-CD63F41755B9}.Release|x64.Build.0 = Release|x64
		{A9ECF402-C164-4141-8D53-CD63F41755B9}.Release|x86.ActiveCfg = Release|Win32
		{A9ECF402-C164-4141-8D53-CD63F41755B9}.Release|x86.Build.0 = Release|Win32
		{6E1DE332-5488-4254-9348-ED5BDE2B13DE}.Debug|x64.ActiveCfg = Debug|x64
		{6E1DE332-5488-4254-9348-ED5BDE2B13DE}.Debug|x64.Build.0 = Debug|x64
		{6E1DE332-5488-4254-9348-ED5BDE2B13DE}.Debug|x86.ActiveCfg = Debug|Win32
		{6E1DE332-5488-4254-9348-ED5BDE2B13DE}.Debug|x86.Build.0 = Debug|Win32
		{6E1DE332-5488-4254-9348-ED5BDE2B13DE}.Release|x64.ActiveCfg = Release|x64
		{6E1DE332-5488-4254-9348-ED5BDE2B13DE}.Release|x64.Build.0 = Release|x64
		{6E1DE332-5488-4254-9348-ED5BDE2B13DE}.Release|x86.ActiveCfg = Release|Win32
		{6E1DE332-5488-4254-9348-ED5BDE2B13DE}.Release|x86.Build.0 = Release|Win32
		{8B22FD86-1C13-465B-AAFD-445217DC4521}.Debug|x64.ActiveCfg = Debug|x64
		{8B22FD86-1C13-465B-AAFD-445217DC4521}.Debug|x64.Build.0 = Debug|x64
		{8B22FD86-1C13-465B-AAFD-445217DC4521}.Debug|x86.ActiveCfg = Debug|Win32
		{8B22FD86-1C13-465B-AAFD-445217DC4521}.Debug|x86.Build.0 = Debug|Win32
		{8B22FD86-1C13-465B-AAFD-445217DC4521}.Release|x64.ActiveCfg = Release|x64
		{8B22FD86-1C13-465B-AAFD-445217DC4521}.Release|x64.Build.0 = Release|x64
		{8B22FD86-1C13-465B-AAFD-445217DC4521}.Release|x86.ActiveCfg = Release|Win32
		{8B22FD86-1C13-465B-AAFD-445217DC4521}.Release|x86.Build.0 = Release|Win32
		{0CBC6372-08D5-4E83-A852-08ABB9FBED78}.Debug|x64.ActiveCfg = Debug|x64
		{0CBC6372-08D5-4E83-A852-08ABB9FBED78}.Debug|x64.Build.0 = Debug|x64
		{0CBC6372-08D5-4E83-A852-08ABB9FBED78}.Debug|x86.ActiveCfg = Debug|Win32
		{0CBC6372-08D5-4E83-A852-08ABB9FBED78}.Debug|x86.Build.0 = Debug|Win32
		{0CBC6372-08D5-4E83-A852-08ABB9FBED78}.Release|x64.ActiveCfg = Release|x64
		{0CBC6372-08D5-4E83-A852-08ABB9FBED78}.Release|x64.Build.0 = Release|x64
		{0CBC6372-08D5-4E83-A852-08ABB9FBED78}.Release|x86.ActiveCfg = Release|Win32
		{0CBC6372-08D5-4E83-A852-08ABB9FBED78}.Release|x86.Build.0 = Release|Win32
		{FC99817A-4C6F-4321-B730-A357EB1A6D80}.Debug|x64.ActiveCfg = Debug|x64
		{FC99817A-4C6F-4321-B730-A357EB1A6D80}.Debug|x64.Build.0 = Debug|x64
		{FC99817A-4C6F-4321-B730-A357EB1A6D80}.Debug|x86.ActiveCfg = Debug|Win32
		{FC99817A-4C6F-4321-B730-A357EB1A6D80}.Debug|x86.Build.0 = Debug|Win32
		{FC99817A-4C6F-4321-B730-A357EB1A6D80}.Release|x64.ActiveCfg = Release|x64
		{FC99817A-4C6F-4321-B730-A357EB1A6D80}.Release|x64.Build.0 = Release|x64
		{FC99817A-4C6F-4321-B730-A357EB1A6D80}.Release|x86.ActiveCfg = Release|Win32
		{FC99817A-4C6F-4321-B730-A357EB1A6D80}.Release|x86.Build.0 = Release|Win32
		{8847AFF7-EB76-4363-841A-B91105327CFD}.Debug|x64.ActiveCfg = Debug|x64
		{8847AFF7-EB76-4363-841A-B91105327CFD}.Debug|x64.Build.0 = Debug|x64
		{8847AFF7-EB76-4363-841A-B91105327CFD}.Debug|x86.ActiveCfg = Debug|Win32
		{8847AFF7-EB76-4363-841A-B91105327CFD}.Debug|x86.Build.0 = Debug|Win32
		{8847AFF7-EB76-4363-841A-B91105327CFD}.Release|x64.ActiveCfg = Release|x64
		{8847AFF7-EB76-4363-841A-B91105327CFD}.Release|x64.Build.0 = Release|x64
		{8847AFF7-EB76-4363-841A-B91105327CFD}.Release|x86.ActiveCfg = Release|Win32
		{8847AFF7-EB76-4363-841A-B91105327CFD}.Release|x86.Build.0 = Release|Win32
		{A0FB15F8-0BFC-4043-BC3A-B0C1E847A9E3}.Debug|x64.ActiveCfg = Debug|x64
		{A0FB15F8-0BFC-4043-BC3A-B0C1E847A9E3}.Debug|x64.Build.0 = Debug|x64
		{A0FB15F8-0BFC-4043-BC3A-B0C1E847A9E3}.Debug|x86.ActiveCfg = Debug|Win32
		{A0FB15F8-0BFC-4043-BC3A-B0C1E847A9E3}.Debug|x86.Build.0 = Debug|Win32
		{A0FB15F8-0BFC-4043-BC3A-B0C1E847A9E3}.Release|x64.ActiveCfg = Release|x64
		{A0FB15F8-0BFC-4043-BC3A-B0C1E847A9E3}.Release|x64.Build.0 = Release|x64
		{A0FB15F8-0BFC-4043-BC3A-B0C1E847A9E3}.Release|x86.ActiveCfg = Release|Win32
		{A0FB15F8-0BFC-4043-BC3A-B0C1E847A9E3}.Release|x86.Build.0 = Release|Win32
		{5CF8707E-449D-4985-9BAB-35F4534433E4}.Debug|x64.ActiveCfg = Debug|x64
		{5CF8707E-449D-4985-9BAB-35F4534433E4}.Debug|x64.Build.0 = Debug|x64
		{5CF8707E-449D-4985-9BAB-35F4534433E4}.Debug|x86.ActiveCfg = Debug|Win32
		{5CF8707E-449D-4985-9BAB-35F4534433E4}.Debug|x86.Build.0 = Debug|Win32
		{5CF8707E-449D-4985-9BAB-35F4534433E4}.Release|x64.ActiveCfg = Release|x64
		{5CF8707E-449D-4985-9BAB-35F4534433E4}.Release|x64.Build.0 = Release|x64
		{5CF8707E-449D-4985-9BAB-35F4534433E4}.Release|x86.ActiveCfg = Release|Win32
		{5CF8707E-449D-4985-9BAB-35F4534433E4}.Release|x86.Build.0 = Release|Win32
		{22B67876-09B0-4388-AA1A-6B4CC4A07A29}.Debug|x64.ActiveCfg = Debug|x64
		{22B67876-09B0-4388-AA1A-6B4CC4A07A29}.Debug|x64.Build.0 = Debug|x64
		{22B67876-09B0-4388-AA1A-6B4CC4A07A29}.Debug|x86.ActiveCfg = Debug|Win32
		{22B67876-09B0-4388-AA1A-6B4CC4A07A29}.Debug|x86.Build.0 = Debug|Win32
		{22B67876-09B0-4388-AA1A-6B4CC4A07A29}.Release|x64.ActiveCfg = Release|x64
		{22B67876-09B0-4388-AA1A-6B4CC4A07A29}.Release|x64.Build.0 = Release|x64
		{22B67876-09B0-4388-AA1A-6B4CC4A07A29}.Release|x86.ActiveCfg = Release|Win32
		{22B67876-09B0-4388-AA1A-6B4CC4A07A29}.Release|x86.Build.0 = Release|Win32
		{9C887B27-371B-4A3F-B741-A69C97691F94}.Debug|x64.ActiveCfg = Debug|x64
		{9C887B27-371B-4A3F-B741-A69C97691F94}.Debug|x64.Build.0 = Debug|x64
		{9C887B27-371B-4A3F-B741-A69C97691F94}.Debug|x86.ActiveCfg = Debug|Win32
		{9C887B27-371B-4A3F-B741-A69C97691F94}.Debug|x86.Build.0 = Debug|Win32
		{9C887B27-371B-4A3F-B741-A69C97691F94}.Release|x64.ActiveCfg = Release|x64
		{9C887B27-371B-4A3F-B741-A69C97691F94}.Release|x64.Build.0 = Release|x64
		{9C887B27-371B-4A3F-B741-A69C97691F94}.Release|x86.ActiveCfg = Release|Win32
		{9C887B27-371B-4A3F-B741-A69C97691F94}.Release|x86.Build.0 = Release|Win32
		{1B2F1146-3033-4ABA-A7AC-54A1C04E43DC}.Debug|x64.ActiveCfg = Debug|x64
		{1B2F1146-3033-4ABA-A7AC-54A1C04E43DC}.Debug|x64.Build.0 = Debug|x64
		{1B2F1146-3033-4ABA-A7AC-54A1C04E43DC}.Debug|x86.ActiveCfg = Debug|Win32
		{1B2F1146-3033-4ABA-A7AC-54A1C04E43DC}.Debug|x86.Build.0 = Debug|Win32
		{1B2F1146-3033-4ABA-A7AC-54A1C04E43DC}.Release|x64.ActiveCfg = Release|x64
		{1B2F1146-3033-4ABA-A7AC-54A1C04E43DC}.Release|x64.Build.0 = Release|x64
		{1B2F1146-3033-4ABA-A7AC-54A1C04E43DC}.Release|x86.ActiveCfg = Release|Win32
		{1B2F1146-3033-4ABA-A7AC-54A1C04E43DC}.Release|x86.Build.0 = Release|Win32
		{719810B3-A83A-4D5C-B9B9-17A61E5443EF}.Debug|x64.ActiveCfg = Debug|x64
		{719810B3-A83A-4D5C-B9B9-17A61E5443EF}.Debug|x64.Build.0 = Debug|x64
		{719810B3-A83A-4D5C-B9B9-17A61E5443EF}.Debug|x86.ActiveCfg = Debug|Win32
		{719810B3-A83A-4D5C-B9B9-17A61E5443EF}.Debug|x86.Build.0 = Debug|Win32
		{719810B3-A83A-4D5C-B9B9-17A61E5443EF}.Release|x64.ActiveCfg = Release|x64
		{719810B3-A83A-4D5C-B9B9-17A61E5443EF}.Release|x64.Build.0 = Release|x64
		{719810B3-A83A-4D5C-B9B9-17A61E5443EF}.Release|x86.ActiveCfg = Release|Win32
		{719810B3-A83A-4D5C-B9B9-17A61E5443EF}.Release|x86.Build.0 = Release|Win32
	EndGlobalSection
	GlobalSection(SolutionProperties) = preSolution
		HideSolutionNode = FALSE
	EndGlobalSection
	GlobalSection(NestedProjects) = preSolution
		{A6528883-CB88-4E21-9845-0FB4BB6BD390} = {81464123-62E7-4EE7-AF3E-38810FFF6DE5}
		{8833DAB5-035E-4DAE-8B45-2D9721C9120E} = {81464123-62E7-4EE7-AF3E-38810FFF6DE5}
		{5D8B061F-05DB-48F5-95EE-D1306CD1B988} = {8833DAB5-035E-4DAE-8B45-2D9721C9120E}
		{AD4E053C-516A-43F7-9897-92537B528B63} = {81464123-62E7-4EE7-AF3E-38810FFF6DE5}
		{165EB9E9-EAF3-4E98-ACCB-6AB23B4A7F0B} = {81464123-62E7-4EE7-AF3E-38810FFF6DE5}
		{D93FD551-7DED-44BD-B327-CE6CEBC03C8E} = {81464123-62E7-4EE7-AF3E-38810FFF6DE5}
		{A9ECF402-C164-4141-8D53-CD63F41755B9} = {81464123-62E7-4EE7-AF3E-38810FFF6DE5}
		{6E1DE332-5488-4254-9348-ED5BDE2B13DE} = {81464123-62E7-4EE7-AF3E-38810FFF6DE5}
		{8B22FD86-1C13-465B-AAFD-445217DC4521} = {8833DAB5-035E-4DAE-8B45-2D9721C9120E}
		{0CBC6372-08D5-4E83-A852-08ABB9FBED78} = {81464123-62E7-4EE7-AF3E-38810FFF6DE5}
		{FC99817A-4C6F-4321-B730-A357EB1A6D80} = {81464123-62E7-4EE7-AF3E-38810FFF6DE5}
		{8847AFF7-EB76-4363-841A-B91105327CFD} = {8833DAB5-035E-4DAE-8B45-2D9721C9120E}
		{A0FB15F8-0BFC-4043-BC3A-B0C1E847A9E3} = {81464123-62E7-4EE7-AF3E-38810FFF6DE5}
		{5CF8707E-449D-4985-9BAB-35F4534433E4} = {81464123-62E7-4EE7-AF3E-38810FFF6DE5}
		{22B67876-09B0-4388-AA1A-6B4CC4A07A29} = {81464123-62E7-4EE7-AF3E-38810FFF6DE5}
		{9C887B27-371B-4A3F-B741-A69C97691F94} = {81464123-62E7-4EE7-AF3E-38810FFF6DE5}
		{1B2F1146-3033-4ABA-A7AC-54A1C04E43DC} = {81464123-62E7-4EE7-AF3E-38810FFF6DE5}
		{719810B3-A83A-4D5C-B9B9-17A61E5443EF} = {81464123-62E7-4EE7-AF3E-38810FFF6DE5}
	EndGlobalSection
	GlobalSection(ExtensibilityGlobals) = postSolution
		SolutionGuid = {AF8F5646-D8D5-40D6-AE44-255D286A627F}
	EndGlobalSection
EndGlobal
